
Microsoft Visual Studio Solution File, Format Version 12.00
# Visual Studio Version 17
VisualStudioVersion = 17.11.35222.181
MinimumVisualStudioVersion = 10.0.40219.1
Project("{FAE04EC0-301F-11D3-BF4B-00C04F79EFBC}") = "LiftsirProject", "LiftsirProject\LiftsirProject.csproj", "{CD23A01E-4EB8-435B-9D04-6A2909BFEEF4}"
EndProject
Global
	GlobalSection(SolutionConfigurationPlatforms) = preSolution
		Debug|Any CPU = Debug|Any CPU
		Release|Any CPU = Release|Any CPU
	EndGlobalSection
	GlobalSection(ProjectConfigurationPlatforms) = postSolution
		{CD23A01E-4EB8-435B-9D04-6A2909BFEEF4}.Debug|Any CPU.ActiveCfg = Debug|Any CPU
		{CD23A01E-4EB8-435B-9D04-6A2909BFEEF4}.Debug|Any CPU.Build.0 = Debug|Any CPU
		{CD23A01E-4EB8-435B-9D04-6A2909BFEEF4}.Release|Any CPU.ActiveCfg = Release|Any CPU
		{CD23A01E-4EB8-435B-9D04-6A2909BFEEF4}.Release|Any CPU.Build.0 = Release|Any CPU
	EndGlobalSection
	GlobalSection(SolutionProperties) = preSolution
		HideSolutionNode = FALSE
	EndGlobalSection
	GlobalSection(ExtensibilityGlobals) = postSolution
		SolutionGuid = {F95C6A2E-12E0-43A2-9C35-D201067D736F}
	EndGlobalSection
EndGlobal
